<Solution>
  <Folder Name="/Solution Items/">
    <File Path="Notes.txt" />
  </Folder>
  <Project Path="BlazorPushDemo.Client/BlazorPushDemo.Client.csproj" />
  <Project Path="GenerateVAPIDKeys/GenerateVAPIDKeys.csproj" />
  <Project Path="PushNotificationService/PushNotificationService.csproj" />
</Solution>
