
Microsoft Visual Studio Solution File, Format Version 12.00
# Visual Studio Version 17
VisualStudioVersion = 17.8.34309.116
MinimumVisualStudioVersion = 10.0.40219.1
Project("{FAE04EC0-301F-11D3-BF4B-00C04F79EFBC}") = "HandsOnRazorOnewayDatabinding", "HandsOnRazorOnewayDatabinding.csproj", "{BA396BDE-75D0-4956-8288-8265930CDD72}"
EndProject
Global
	GlobalSection(SolutionConfigurationPlatforms) = preSolution
		Debug|Any CPU = Debug|Any CPU
		Release|Any CPU = Release|Any CPU
	EndGlobalSection
	GlobalSection(ProjectConfigurationPlatforms) = postSolution
		{BA396BDE-75D0-4956-8288-8265930CDD72}.Debug|Any CPU.ActiveCfg = Debug|Any CPU
		{BA396BDE-75D0-4956-8288-8265930CDD72}.Debug|Any CPU.Build.0 = Debug|Any CPU
		{BA396BDE-75D0-4956-8288-8265930CDD72}.Release|Any CPU.ActiveCfg = Release|Any CPU
		{BA396BDE-75D0-4956-8288-8265930CDD72}.Release|Any CPU.Build.0 = Release|Any CPU
	EndGlobalSection
	GlobalSection(SolutionProperties) = preSolution
		HideSolutionNode = FALSE
	EndGlobalSection
	GlobalSection(ExtensibilityGlobals) = postSolution
		SolutionGuid = {A6E53097-7194-4D9F-8E47-79EC450A1162}
	EndGlobalSection
EndGlobal
