
Microsoft Visual Studio Solution File, Format Version 12.00
# Visual Studio Version 17
VisualStudioVersion = 17.8.34309.116
MinimumVisualStudioVersion = 10.0.40219.1
Project("{9A19103F-16F7-4668-BE54-9A1E7A4F7556}") = "HandsOnBlazorUsingRouting", "HandsOnBlazorUsingRouting.csproj", "{7F8EC6DF-94FC-4E20-8275-2E3A4FF67B70}"
EndProject
Global
	GlobalSection(SolutionConfigurationPlatforms) = preSolution
		Debug|Any CPU = Debug|Any CPU
		Release|Any CPU = Release|Any CPU
	EndGlobalSection
	GlobalSection(ProjectConfigurationPlatforms) = postSolution
		{7F8EC6DF-94FC-4E20-8275-2E3A4FF67B70}.Debug|Any CPU.ActiveCfg = Debug|Any CPU
		{7F8EC6DF-94FC-4E20-8275-2E3A4FF67B70}.Debug|Any CPU.Build.0 = Debug|Any CPU
		{7F8EC6DF-94FC-4E20-8275-2E3A4FF67B70}.Release|Any CPU.ActiveCfg = Release|Any CPU
		{7F8EC6DF-94FC-4E20-8275-2E3A4FF67B70}.Release|Any CPU.Build.0 = Release|Any CPU
	EndGlobalSection
	GlobalSection(SolutionProperties) = preSolution
		HideSolutionNode = FALSE
	EndGlobalSection
	GlobalSection(ExtensibilityGlobals) = postSolution
		SolutionGuid = {3EEE8D68-6D2B-4BDF-95B4-C716A0FAC6E7}
	EndGlobalSection
EndGlobal
