
Microsoft Visual Studio Solution File, Format Version 12.00
# Visual Studio Version 17
VisualStudioVersion = 17.8.34309.116
MinimumVisualStudioVersion = 10.0.40219.1
Project("{FAE04EC0-301F-11D3-BF4B-00C04F79EFBC}") = "HandsOnBlazorServerAppUsingModels", "HandsOnBlazorServerAppUsingModels.csproj", "{FA164F04-5567-47B4-BBCE-41B0422E93BE}"
EndProject
Global
	GlobalSection(SolutionConfigurationPlatforms) = preSolution
		Debug|Any CPU = Debug|Any CPU
		Release|Any CPU = Release|Any CPU
	EndGlobalSection
	GlobalSection(ProjectConfigurationPlatforms) = postSolution
		{FA164F04-5567-47B4-BBCE-41B0422E93BE}.Debug|Any CPU.ActiveCfg = Debug|Any CPU
		{FA164F04-5567-47B4-BBCE-41B0422E93BE}.Debug|Any CPU.Build.0 = Debug|Any CPU
		{FA164F04-5567-47B4-BBCE-41B0422E93BE}.Release|Any CPU.ActiveCfg = Release|Any CPU
		{FA164F04-5567-47B4-BBCE-41B0422E93BE}.Release|Any CPU.Build.0 = Release|Any CPU
	EndGlobalSection
	GlobalSection(SolutionProperties) = preSolution
		HideSolutionNode = FALSE
	EndGlobalSection
	GlobalSection(ExtensibilityGlobals) = postSolution
		SolutionGuid = {2D5927DA-D5F2-4975-A2E8-77271F6C33A5}
	EndGlobalSection
EndGlobal
