
Microsoft Visual Studio Solution File, Format Version 12.00
# Visual Studio Version 17
VisualStudioVersion = 17.8.34309.116
MinimumVisualStudioVersion = 10.0.40219.1
Project("{FAE04EC0-301F-11D3-BF4B-00C04F79EFBC}") = "Blazor-Demo1", "Blazor-Demo1.csproj", "{003DDA65-28C3-445E-BC6B-BA32425E01ED}"
EndProject
Global
	GlobalSection(SolutionConfigurationPlatforms) = preSolution
		Debug|Any CPU = Debug|Any CPU
		Release|Any CPU = Release|Any CPU
	EndGlobalSection
	GlobalSection(ProjectConfigurationPlatforms) = postSolution
		{003DDA65-28C3-445E-BC6B-BA32425E01ED}.Debug|Any CPU.ActiveCfg = Debug|Any CPU
		{003DDA65-28C3-445E-BC6B-BA32425E01ED}.Debug|Any CPU.Build.0 = Debug|Any CPU
		{003DDA65-28C3-445E-BC6B-BA32425E01ED}.Release|Any CPU.ActiveCfg = Release|Any CPU
		{003DDA65-28C3-445E-BC6B-BA32425E01ED}.Release|Any CPU.Build.0 = Release|Any CPU
	EndGlobalSection
	GlobalSection(SolutionProperties) = preSolution
		HideSolutionNode = FALSE
	EndGlobalSection
	GlobalSection(ExtensibilityGlobals) = postSolution
		SolutionGuid = {54FC4250-F236-4610-B7AD-1F561BCA9C32}
	EndGlobalSection
EndGlobal
